
Microsoft Visual Studio Solution File, Format Version 12.00
# Visual Studio 14
VisualStudioVersion = 14.0.24720.0
MinimumVisualStudioVersion = 10.0.40219.1
Project("{D954291E-2A0B-460D-934E-DC6B0785DB48}") = "FileManagerEngine", "FileManagerEngine\FileManagerEngine.shproj", "{C425EE8A-E619-44A8-A794-2DFE784D3870}"
EndProject
Project("{FAE04EC0-301F-11D3-BF4B-00C04F79EFBC}") = "FileManagerConsole", "FileManagerConsole\FileManagerConsole.csproj", "{88416E59-3181-45B0-96BB-F79FF79EC4CC}"
EndProject
Project("{FAE04EC0-301F-11D3-BF4B-00C04F79EFBC}") = "FileManagerWPF", "FileManagerWPF\FileManagerWPF.csproj", "{A06B5445-D1DD-4EB5-B012-845877E71146}"
EndProject
Global
	GlobalSection(SharedMSBuildProjectFiles) = preSolution
		FileManagerEngine\FileManagerEngine.projitems*{c425ee8a-e619-44a8-a794-2dfe784d3870}*SharedItemsImports = 13
	EndGlobalSection
	GlobalSection(SolutionConfigurationPlatforms) = preSolution
		Debug|Any CPU = Debug|Any CPU
		Release|Any CPU = Release|Any CPU
	EndGlobalSection
	GlobalSection(ProjectConfigurationPlatforms) = postSolution
		{88416E59-3181-45B0-96BB-F79FF79EC4CC}.Debug|Any CPU.ActiveCfg = Debug|Any CPU
		{88416E59-3181-45B0-96BB-F79FF79EC4CC}.Debug|Any CPU.Build.0 = Debug|Any CPU
		{88416E59-3181-45B0-96BB-F79FF79EC4CC}.Release|Any CPU.ActiveCfg = Release|Any CPU
		{88416E59-3181-45B0-96BB-F79FF79EC4CC}.Release|Any CPU.Build.0 = Release|Any CPU
		{A06B5445-D1DD-4EB5-B012-845877E71146}.Debug|Any CPU.ActiveCfg = Debug|Any CPU
		{A06B5445-D1DD-4EB5-B012-845877E71146}.Debug|Any CPU.Build.0 = Debug|Any CPU
		{A06B5445-D1DD-4EB5-B012-845877E71146}.Release|Any CPU.ActiveCfg = Release|Any CPU
		{A06B5445-D1DD-4EB5-B012-845877E71146}.Release|Any CPU.Build.0 = Release|Any CPU
	EndGlobalSection
	GlobalSection(SolutionProperties) = preSolution
		HideSolutionNode = FALSE
	EndGlobalSection
EndGlobal
